
Microsoft Visual Studio Solution File, Format Version 12.00
# Visual Studio 14
VisualStudioVersion = 14.0.25420.1
MinimumVisualStudioVersion = 10.0.40219.1
Project("{8BB2217D-0F2D-49D1-97BC-3654ED321F3B}") = "DeviceSimulator", "DeviceSimulator\DeviceSimulator.xproj", "{32AC3CAC-866B-46C9-8D2C-E52847F1E440}"
EndProject
Project("{8BB2217D-0F2D-49D1-97BC-3654ED321F3B}") = "DeviceMessageReciever", "DeviceMessageReciever\DeviceMessageReciever.xproj", "{F79384AE-8334-40D0-9C05-5604EFCE3A77}"
EndProject
Project("{FAE04EC0-301F-11D3-BF4B-00C04F79EFBC}") = "AndroidRemoteControl", "AndroidRemoteControl\AndroidRemoteControl.csproj", "{CBD2529F-6B6D-4C64-850D-18CF51B77316}"
EndProject
Project("{8BC9CEB8-8B4A-11D0-8D11-00A0C91BC942}") = "WarmerMicro", "WarmerMicro\WarmerMicro.vcxproj", "{C5F80730-F44F-4478-BDAE-6634EFC2CA88}"
EndProject
Project("{FAE04EC0-301F-11D3-BF4B-00C04F79EFBC}") = "MobileApp", "MobileApp\MobileApp\MobileApp.csproj", "{4F196B92-F2CE-45AD-8402-343B3DA45CE5}"
EndProject
Project("{FAE04EC0-301F-11D3-BF4B-00C04F79EFBC}") = "MobileApp.Droid", "MobileApp\MobileApp.Droid\MobileApp.Droid.csproj", "{D15CC346-7284-498F-8345-BA4485C5D234}"
EndProject
Project("{FAE04EC0-301F-11D3-BF4B-00C04F79EFBC}") = "MobileApp.iOS", "MobileApp\MobileApp.iOS\MobileApp.iOS.csproj", "{4B46AF13-74E7-4D23-9751-AA80AFA0DDB0}"
EndProject
Project("{FAE04EC0-301F-11D3-BF4B-00C04F79EFBC}") = "MobileApp.Windows", "MobileApp\MobileApp.Windows\MobileApp.Windows.csproj", "{29828BB9-A7BD-4E6F-B8E5-F9590FB451A4}"
EndProject
Global
	GlobalSection(SolutionConfigurationPlatforms) = preSolution
		Ad-Hoc|Any CPU = Ad-Hoc|Any CPU
		Ad-Hoc|ARM = Ad-Hoc|ARM
		Ad-Hoc|iPhone = Ad-Hoc|iPhone
		Ad-Hoc|iPhoneSimulator = Ad-Hoc|iPhoneSimulator
		Ad-Hoc|x64 = Ad-Hoc|x64
		Ad-Hoc|x86 = Ad-Hoc|x86
		AppStore|Any CPU = AppStore|Any CPU
		AppStore|ARM = AppStore|ARM
		AppStore|iPhone = AppStore|iPhone
		AppStore|iPhoneSimulator = AppStore|iPhoneSimulator
		AppStore|x64 = AppStore|x64
		AppStore|x86 = AppStore|x86
		Debug|Any CPU = Debug|Any CPU
		Debug|ARM = Debug|ARM
		Debug|iPhone = Debug|iPhone
		Debug|iPhoneSimulator = Debug|iPhoneSimulator
		Debug|x64 = Debug|x64
		Debug|x86 = Debug|x86
		Release|Any CPU = Release|Any CPU
		Release|ARM = Release|ARM
		Release|iPhone = Release|iPhone
		Release|iPhoneSimulator = Release|iPhoneSimulator
		Release|x64 = Release|x64
		Release|x86 = Release|x86
	EndGlobalSection
	GlobalSection(ProjectConfigurationPlatforms) = postSolution
		{32AC3CAC-866B-46C9-8D2C-E52847F1E440}.Ad-Hoc|Any CPU.ActiveCfg = Release|Any CPU
		{32AC3CAC-866B-46C9-8D2C-E52847F1E440}.Ad-Hoc|Any CPU.Build.0 = Release|Any CPU
		{32AC3CAC-866B-46C9-8D2C-E52847F1E440}.Ad-Hoc|ARM.ActiveCfg = Release|Any CPU
		{32AC3CAC-866B-46C9-8D2C-E52847F1E440}.Ad-Hoc|ARM.Build.0 = Release|Any CPU
		{32AC3CAC-866B-46C9-8D2C-E52847F1E440}.Ad-Hoc|iPhone.ActiveCfg = Release|Any CPU
		{32AC3CAC-866B-46C9-8D2C-E52847F1E440}.Ad-Hoc|iPhone.Build.0 = Release|Any CPU
		{32AC3CAC-866B-46C9-8D2C-E52847F1E440}.Ad-Hoc|iPhoneSimulator.ActiveCfg = Release|Any CPU
		{32AC3CAC-866B-46C9-8D2C-E52847F1E440}.Ad-Hoc|iPhoneSimulator.Build.0 = Release|Any CPU
		{32AC3CAC-866B-46C9-8D2C-E52847F1E440}.Ad-Hoc|x64.ActiveCfg = Release|Any CPU
		{32AC3CAC-866B-46C9-8D2C-E52847F1E440}.Ad-Hoc|x64.Build.0 = Release|Any CPU
		{32AC3CAC-866B-46C9-8D2C-E52847F1E440}.Ad-Hoc|x86.ActiveCfg = Release|Any CPU
		{32AC3CAC-866B-46C9-8D2C-E52847F1E440}.Ad-Hoc|x86.Build.0 = Release|Any CPU
		{32AC3CAC-866B-46C9-8D2C-E52847F1E440}.AppStore|Any CPU.ActiveCfg = Release|Any CPU
		{32AC3CAC-866B-46C9-8D2C-E52847F1E440}.AppStore|Any CPU.Build.0 = Release|Any CPU
		{32AC3CAC-866B-46C9-8D2C-E52847F1E440}.AppStore|ARM.ActiveCfg = Release|Any CPU
		{32AC3CAC-866B-46C9-8D2C-E52847F1E440}.AppStore|ARM.Build.0 = Release|Any CPU
		{32AC3CAC-866B-46C9-8D2C-E52847F1E440}.AppStore|iPhone.ActiveCfg = Release|Any CPU
		{32AC3CAC-866B-46C9-8D2C-E52847F1E440}.AppStore|iPhone.Build.0 = Release|Any CPU
		{32AC3CAC-866B-46C9-8D2C-E52847F1E440}.AppStore|iPhoneSimulator.ActiveCfg = Release|Any CPU
		{32AC3CAC-866B-46C9-8D2C-E52847F1E440}.AppStore|iPhoneSimulator.Build.0 = Release|Any CPU
		{32AC3CAC-866B-46C9-8D2C-E52847F1E440}.AppStore|x64.ActiveCfg = Release|Any CPU
		{32AC3CAC-866B-46C9-8D2C-E52847F1E440}.AppStore|x64.Build.0 = Release|Any CPU
		{32AC3CAC-866B-46C9-8D2C-E52847F1E440}.AppStore|x86.ActiveCfg = Release|Any CPU
		{32AC3CAC-866B-46C9-8D2C-E52847F1E440}.AppStore|x86.Build.0 = Release|Any CPU
		{32AC3CAC-866B-46C9-8D2C-E52847F1E440}.Debug|Any CPU.ActiveCfg = Debug|Any CPU
		{32AC3CAC-866B-46C9-8D2C-E52847F1E440}.Debug|Any CPU.Build.0 = Debug|Any CPU
		{32AC3CAC-866B-46C9-8D2C-E52847F1E440}.Debug|ARM.ActiveCfg = Debug|Any CPU
		{32AC3CAC-866B-46C9-8D2C-E52847F1E440}.Debug|ARM.Build.0 = Debug|Any CPU
		{32AC3CAC-866B-46C9-8D2C-E52847F1E440}.Debug|iPhone.ActiveCfg = Debug|Any CPU
		{32AC3CAC-866B-46C9-8D2C-E52847F1E440}.Debug|iPhone.Build.0 = Debug|Any CPU
		{32AC3CAC-866B-46C9-8D2C-E52847F1E440}.Debug|iPhoneSimulator.ActiveCfg = Debug|Any CPU
		{32AC3CAC-866B-46C9-8D2C-E52847F1E440}.Debug|iPhoneSimulator.Build.0 = Debug|Any CPU
		{32AC3CAC-866B-46C9-8D2C-E52847F1E440}.Debug|x64.ActiveCfg = Debug|Any CPU
		{32AC3CAC-866B-46C9-8D2C-E52847F1E440}.Debug|x64.Build.0 = Debug|Any CPU
		{32AC3CAC-866B-46C9-8D2C-E52847F1E440}.Debug|x86.ActiveCfg = Debug|Any CPU
		{32AC3CAC-866B-46C9-8D2C-E52847F1E440}.Debug|x86.Build.0 = Debug|Any CPU
		{32AC3CAC-866B-46C9-8D2C-E52847F1E440}.Release|Any CPU.ActiveCfg = Release|Any CPU
		{32AC3CAC-866B-46C9-8D2C-E52847F1E440}.Release|Any CPU.Build.0 = Release|Any CPU
		{32AC3CAC-866B-46C9-8D2C-E52847F1E440}.Release|ARM.ActiveCfg = Release|Any CPU
		{32AC3CAC-866B-46C9-8D2C-E52847F1E440}.Release|ARM.Build.0 = Release|Any CPU
		{32AC3CAC-866B-46C9-8D2C-E52847F1E440}.Release|iPhone.ActiveCfg = Release|Any CPU
		{32AC3CAC-866B-46C9-8D2C-E52847F1E440}.Release|iPhone.Build.0 = Release|Any CPU
		{32AC3CAC-866B-46C9-8D2C-E52847F1E440}.Release|iPhoneSimulator.ActiveCfg = Release|Any CPU
		{32AC3CAC-866B-46C9-8D2C-E52847F1E440}.Release|iPhoneSimulator.Build.0 = Release|Any CPU
		{32AC3CAC-866B-46C9-8D2C-E52847F1E440}.Release|x64.ActiveCfg = Release|Any CPU
		{32AC3CAC-866B-46C9-8D2C-E52847F1E440}.Release|x64.Build.0 = Release|Any CPU
		{32AC3CAC-866B-46C9-8D2C-E52847F1E440}.Release|x86.ActiveCfg = Release|Any CPU
		{32AC3CAC-866B-46C9-8D2C-E52847F1E440}.Release|x86.Build.0 = Release|Any CPU
		{F79384AE-8334-40D0-9C05-5604EFCE3A77}.Ad-Hoc|Any CPU.ActiveCfg = Release|Any CPU
		{F79384AE-8334-40D0-9C05-5604EFCE3A77}.Ad-Hoc|Any CPU.Build.0 = Release|Any CPU
		{F79384AE-8334-40D0-9C05-5604EFCE3A77}.Ad-Hoc|ARM.ActiveCfg = Release|Any CPU
		{F79384AE-8334-40D0-9C05-5604EFCE3A77}.Ad-Hoc|ARM.Build.0 = Release|Any CPU
		{F79384AE-8334-40D0-9C05-5604EFCE3A77}.Ad-Hoc|iPhone.ActiveCfg = Release|Any CPU
		{F79384AE-8334-40D0-9C05-5604EFCE3A77}.Ad-Hoc|iPhone.Build.0 = Release|Any CPU
		{F79384AE-8334-40D0-9C05-5604EFCE3A77}.Ad-Hoc|iPhoneSimulator.ActiveCfg = Release|Any CPU
		{F79384AE-8334-40D0-9C05-5604EFCE3A77}.Ad-Hoc|iPhoneSimulator.Build.0 = Release|Any CPU
		{F79384AE-8334-40D0-9C05-5604EFCE3A77}.Ad-Hoc|x64.ActiveCfg = Release|Any CPU
		{F79384AE-8334-40D0-9C05-5604EFCE3A77}.Ad-Hoc|x64.Build.0 = Release|Any CPU
		{F79384AE-8334-40D0-9C05-5604EFCE3A77}.Ad-Hoc|x86.ActiveCfg = Release|Any CPU
		{F79384AE-8334-40D0-9C05-5604EFCE3A77}.Ad-Hoc|x86.Build.0 = Release|Any CPU
		{F79384AE-8334-40D0-9C05-5604EFCE3A77}.AppStore|Any CPU.ActiveCfg = Release|Any CPU
		{F79384AE-8334-40D0-9C05-5604EFCE3A77}.AppStore|Any CPU.Build.0 = Release|Any CPU
		{F79384AE-8334-40D0-9C05-5604EFCE3A77}.AppStore|ARM.ActiveCfg = Release|Any CPU
		{F79384AE-8334-40D0-9C05-5604EFCE3A77}.AppStore|ARM.Build.0 = Release|Any CPU
		{F79384AE-8334-40D0-9C05-5604EFCE3A77}.AppStore|iPhone.ActiveCfg = Release|Any CPU
		{F79384AE-8334-40D0-9C05-5604EFCE3A77}.AppStore|iPhone.Build.0 = Release|Any CPU
		{F79384AE-8334-40D0-9C05-5604EFCE3A77}.AppStore|iPhoneSimulator.ActiveCfg = Release|Any CPU
		{F79384AE-8334-40D0-9C05-5604EFCE3A77}.AppStore|iPhoneSimulator.Build.0 = Release|Any CPU
		{F79384AE-8334-40D0-9C05-5604EFCE3A77}.AppStore|x64.ActiveCfg = Release|Any CPU
		{F79384AE-8334-40D0-9C05-5604EFCE3A77}.AppStore|x64.Build.0 = Release|Any CPU
		{F79384AE-8334-40D0-9C05-5604EFCE3A77}.AppStore|x86.ActiveCfg = Release|Any CPU
		{F79384AE-8334-40D0-9C05-5604EFCE3A77}.AppStore|x86.Build.0 = Release|Any CPU
		{F79384AE-8334-40D0-9C05-5604EFCE3A77}.Debug|Any CPU.ActiveCfg = Debug|Any CPU
		{F79384AE-8334-40D0-9C05-5604EFCE3A77}.Debug|Any CPU.Build.0 = Debug|Any CPU
		{F79384AE-8334-40D0-9C05-5604EFCE3A77}.Debug|ARM.ActiveCfg = Debug|Any CPU
		{F79384AE-8334-40D0-9C05-5604EFCE3A77}.Debug|ARM.Build.0 = Debug|Any CPU
		{F79384AE-8334-40D0-9C05-5604EFCE3A77}.Debug|iPhone.ActiveCfg = Debug|Any CPU
		{F79384AE-8334-40D0-9C05-5604EFCE3A77}.Debug|iPhone.Build.0 = Debug|Any CPU
		{F79384AE-8334-40D0-9C05-5604EFCE3A77}.Debug|iPhoneSimulator.ActiveCfg = Debug|Any CPU
		{F79384AE-8334-40D0-9C05-5604EFCE3A77}.Debug|iPhoneSimulator.Build.0 = Debug|Any CPU
		{F79384AE-8334-40D0-9C05-5604EFCE3A77}.Debug|x64.ActiveCfg = Debug|Any CPU
		{F79384AE-8334-40D0-9C05-5604EFCE3A77}.Debug|x64.Build.0 = Debug|Any CPU
		{F79384AE-8334-40D0-9C05-5604EFCE3A77}.Debug|x86.ActiveCfg = Debug|Any CPU
		{F79384AE-8334-40D0-9C05-5604EFCE3A77}.Debug|x86.Build.0 = Debug|Any CPU
		{F79384AE-8334-40D0-9C05-5604EFCE3A77}.Release|Any CPU.ActiveCfg = Release|Any CPU
		{F79384AE-8334-40D0-9C05-5604EFCE3A77}.Release|Any CPU.Build.0 = Release|Any CPU
		{F79384AE-8334-40D0-9C05-5604EFCE3A77}.Release|ARM.ActiveCfg = Release|Any CPU
		{F79384AE-8334-40D0-9C05-5604EFCE3A77}.Release|ARM.Build.0 = Release|Any CPU
		{F79384AE-8334-40D0-9C05-5604EFCE3A77}.Release|iPhone.ActiveCfg = Release|Any CPU
		{F79384AE-8334-40D0-9C05-5604EFCE3A77}.Release|iPhone.Build.0 = Release|Any CPU
		{F79384AE-8334-40D0-9C05-5604EFCE3A77}.Release|iPhoneSimulator.ActiveCfg = Release|Any CPU
		{F79384AE-8334-40D0-9C05-5604EFCE3A77}.Release|iPhoneSimulator.Build.0 = Release|Any CPU
		{F79384AE-8334-40D0-9C05-5604EFCE3A77}.Release|x64.ActiveCfg = Release|Any CPU
		{F79384AE-8334-40D0-9C05-5604EFCE3A77}.Release|x64.Build.0 = Release|Any CPU
		{F79384AE-8334-40D0-9C05-5604EFCE3A77}.Release|x86.ActiveCfg = Release|Any CPU
		{F79384AE-8334-40D0-9C05-5604EFCE3A77}.Release|x86.Build.0 = Release|Any CPU
		{CBD2529F-6B6D-4C64-850D-18CF51B77316}.Ad-Hoc|Any CPU.ActiveCfg = Release|Any CPU
		{CBD2529F-6B6D-4C64-850D-18CF51B77316}.Ad-Hoc|Any CPU.Build.0 = Release|Any CPU
		{CBD2529F-6B6D-4C64-850D-18CF51B77316}.Ad-Hoc|Any CPU.Deploy.0 = Release|Any CPU
		{CBD2529F-6B6D-4C64-850D-18CF51B77316}.Ad-Hoc|ARM.ActiveCfg = Release|Any CPU
		{CBD2529F-6B6D-4C64-850D-18CF51B77316}.Ad-Hoc|ARM.Build.0 = Release|Any CPU
		{CBD2529F-6B6D-4C64-850D-18CF51B77316}.Ad-Hoc|ARM.Deploy.0 = Release|Any CPU
		{CBD2529F-6B6D-4C64-850D-18CF51B77316}.Ad-Hoc|iPhone.ActiveCfg = Release|Any CPU
		{CBD2529F-6B6D-4C64-850D-18CF51B77316}.Ad-Hoc|iPhone.Build.0 = Release|Any CPU
		{CBD2529F-6B6D-4C64-850D-18CF51B77316}.Ad-Hoc|iPhone.Deploy.0 = Release|Any CPU
		{CBD2529F-6B6D-4C64-850D-18CF51B77316}.Ad-Hoc|iPhoneSimulator.ActiveCfg = Release|Any CPU
		{CBD2529F-6B6D-4C64-850D-18CF51B77316}.Ad-Hoc|iPhoneSimulator.Build.0 = Release|Any CPU
		{CBD2529F-6B6D-4C64-850D-18CF51B77316}.Ad-Hoc|iPhoneSimulator.Deploy.0 = Release|Any CPU
		{CBD2529F-6B6D-4C64-850D-18CF51B77316}.Ad-Hoc|x64.ActiveCfg = Release|Any CPU
		{CBD2529F-6B6D-4C64-850D-18CF51B77316}.Ad-Hoc|x64.Build.0 = Release|Any CPU
		{CBD2529F-6B6D-4C64-850D-18CF51B77316}.Ad-Hoc|x64.Deploy.0 = Release|Any CPU
		{CBD2529F-6B6D-4C64-850D-18CF51B77316}.Ad-Hoc|x86.ActiveCfg = Release|Any CPU
		{CBD2529F-6B6D-4C64-850D-18CF51B77316}.Ad-Hoc|x86.Build.0 = Release|Any CPU
		{CBD2529F-6B6D-4C64-850D-18CF51B77316}.Ad-Hoc|x86.Deploy.0 = Release|Any CPU
		{CBD2529F-6B6D-4C64-850D-18CF51B77316}.AppStore|Any CPU.ActiveCfg = Release|Any CPU
		{CBD2529F-6B6D-4C64-850D-18CF51B77316}.AppStore|Any CPU.Build.0 = Release|Any CPU
		{CBD2529F-6B6D-4C64-850D-18CF51B77316}.AppStore|Any CPU.Deploy.0 = Release|Any CPU
		{CBD2529F-6B6D-4C64-850D-18CF51B77316}.AppStore|ARM.ActiveCfg = Release|Any CPU
		{CBD2529F-6B6D-4C64-850D-18CF51B77316}.AppStore|ARM.Build.0 = Release|Any CPU
		{CBD2529F-6B6D-4C64-850D-18CF51B77316}.AppStore|ARM.Deploy.0 = Release|Any CPU
		{CBD2529F-6B6D-4C64-850D-18CF51B77316}.AppStore|iPhone.ActiveCfg = Release|Any CPU
		{CBD2529F-6B6D-4C64-850D-18CF51B77316}.AppStore|iPhone.Build.0 = Release|Any CPU
		{CBD2529F-6B6D-4C64-850D-18CF51B77316}.AppStore|iPhone.Deploy.0 = Release|Any CPU
		{CBD2529F-6B6D-4C64-850D-18CF51B77316}.AppStore|iPhoneSimulator.ActiveCfg = Release|Any CPU
		{CBD2529F-6B6D-4C64-850D-18CF51B77316}.AppStore|iPhoneSimulator.Build.0 = Release|Any CPU
		{CBD2529F-6B6D-4C64-850D-18CF51B77316}.AppStore|iPhoneSimulator.Deploy.0 = Release|Any CPU
		{CBD2529F-6B6D-4C64-850D-18CF51B77316}.AppStore|x64.ActiveCfg = Release|Any CPU
		{CBD2529F-6B6D-4C64-850D-18CF51B77316}.AppStore|x64.Build.0 = Release|Any CPU
		{CBD2529F-6B6D-4C64-850D-18CF51B77316}.AppStore|x64.Deploy.0 = Release|Any CPU
		{CBD2529F-6B6D-4C64-850D-18CF51B77316}.AppStore|x86.ActiveCfg = Release|Any CPU
		{CBD2529F-6B6D-4C64-850D-18CF51B77316}.AppStore|x86.Build.0 = Release|Any CPU
		{CBD2529F-6B6D-4C64-850D-18CF51B77316}.AppStore|x86.Deploy.0 = Release|Any CPU
		{CBD2529F-6B6D-4C64-850D-18CF51B77316}.Debug|Any CPU.ActiveCfg = Debug|Any CPU
		{CBD2529F-6B6D-4C64-850D-18CF51B77316}.Debug|Any CPU.Build.0 = Debug|Any CPU
		{CBD2529F-6B6D-4C64-850D-18CF51B77316}.Debug|Any CPU.Deploy.0 = Debug|Any CPU
		{CBD2529F-6B6D-4C64-850D-18CF51B77316}.Debug|ARM.ActiveCfg = Debug|Any CPU
		{CBD2529F-6B6D-4C64-850D-18CF51B77316}.Debug|ARM.Build.0 = Debug|Any CPU
		{CBD2529F-6B6D-4C64-850D-18CF51B77316}.Debug|ARM.Deploy.0 = Debug|Any CPU
		{CBD2529F-6B6D-4C64-850D-18CF51B77316}.Debug|iPhone.ActiveCfg = Debug|Any CPU
		{CBD2529F-6B6D-4C64-850D-18CF51B77316}.Debug|iPhone.Build.0 = Debug|Any CPU
		{CBD2529F-6B6D-4C64-850D-18CF51B77316}.Debug|iPhone.Deploy.0 = Debug|Any CPU
		{CBD2529F-6B6D-4C64-850D-18CF51B77316}.Debug|iPhoneSimulator.ActiveCfg = Debug|Any CPU
		{CBD2529F-6B6D-4C64-850D-18CF51B77316}.Debug|iPhoneSimulator.Build.0 = Debug|Any CPU
		{CBD2529F-6B6D-4C64-850D-18CF51B77316}.Debug|iPhoneSimulator.Deploy.0 = Debug|Any CPU
		{CBD2529F-6B6D-4C64-850D-18CF51B77316}.Debug|x64.ActiveCfg = Debug|Any CPU
		{CBD2529F-6B6D-4C64-850D-18CF51B77316}.Debug|x64.Build.0 = Debug|Any CPU
		{CBD2529F-6B6D-4C64-850D-18CF51B77316}.Debug|x64.Deploy.0 = Debug|Any CPU
		{CBD2529F-6B6D-4C64-850D-18CF51B77316}.Debug|x86.ActiveCfg = Debug|Any CPU
		{CBD2529F-6B6D-4C64-850D-18CF51B77316}.Debug|x86.Build.0 = Debug|Any CPU
		{CBD2529F-6B6D-4C64-850D-18CF51B77316}.Debug|x86.Deploy.0 = Debug|Any CPU
		{CBD2529F-6B6D-4C64-850D-18CF51B77316}.Release|Any CPU.ActiveCfg = Release|Any CPU
		{CBD2529F-6B6D-4C64-850D-18CF51B77316}.Release|Any CPU.Build.0 = Release|Any CPU
		{CBD2529F-6B6D-4C64-850D-18CF51B77316}.Release|Any CPU.Deploy.0 = Release|Any CPU
		{CBD2529F-6B6D-4C64-850D-18CF51B77316}.Release|ARM.ActiveCfg = Release|Any CPU
		{CBD2529F-6B6D-4C64-850D-18CF51B77316}.Release|ARM.Build.0 = Release|Any CPU
		{CBD2529F-6B6D-4C64-850D-18CF51B77316}.Release|ARM.Deploy.0 = Release|Any CPU
		{CBD2529F-6B6D-4C64-850D-18CF51B77316}.Release|iPhone.ActiveCfg = Release|Any CPU
		{CBD2529F-6B6D-4C64-850D-18CF51B77316}.Release|iPhone.Build.0 = Release|Any CPU
		{CBD2529F-6B6D-4C64-850D-18CF51B77316}.Release|iPhone.Deploy.0 = Release|Any CPU
		{CBD2529F-6B6D-4C64-850D-18CF51B77316}.Release|iPhoneSimulator.ActiveCfg = Release|Any CPU
		{CBD2529F-6B6D-4C64-850D-18CF51B77316}.Release|iPhoneSimulator.Build.0 = Release|Any CPU
		{CBD2529F-6B6D-4C64-850D-18CF51B77316}.Release|iPhoneSimulator.Deploy.0 = Release|Any CPU
		{CBD2529F-6B6D-4C64-850D-18CF51B77316}.Release|x64.ActiveCfg = Release|Any CPU
		{CBD2529F-6B6D-4C64-850D-18CF51B77316}.Release|x64.Build.0 = Release|Any CPU
		{CBD2529F-6B6D-4C64-850D-18CF51B77316}.Release|x64.Deploy.0 = Release|Any CPU
		{CBD2529F-6B6D-4C64-850D-18CF51B77316}.Release|x86.ActiveCfg = Release|Any CPU
		{CBD2529F-6B6D-4C64-850D-18CF51B77316}.Release|x86.Build.0 = Release|Any CPU
		{CBD2529F-6B6D-4C64-850D-18CF51B77316}.Release|x86.Deploy.0 = Release|Any CPU
		{C5F80730-F44F-4478-BDAE-6634EFC2CA88}.Ad-Hoc|Any CPU.ActiveCfg = Release|Win32
		{C5F80730-F44F-4478-BDAE-6634EFC2CA88}.Ad-Hoc|Any CPU.Build.0 = Release|Win32
		{C5F80730-F44F-4478-BDAE-6634EFC2CA88}.Ad-Hoc|ARM.ActiveCfg = Release|Win32
		{C5F80730-F44F-4478-BDAE-6634EFC2CA88}.Ad-Hoc|ARM.Build.0 = Release|Win32
		{C5F80730-F44F-4478-BDAE-6634EFC2CA88}.Ad-Hoc|iPhone.ActiveCfg = Release|Win32
		{C5F80730-F44F-4478-BDAE-6634EFC2CA88}.Ad-Hoc|iPhone.Build.0 = Release|Win32
		{C5F80730-F44F-4478-BDAE-6634EFC2CA88}.Ad-Hoc|iPhoneSimulator.ActiveCfg = Release|Win32
		{C5F80730-F44F-4478-BDAE-6634EFC2CA88}.Ad-Hoc|iPhoneSimulator.Build.0 = Release|Win32
		{C5F80730-F44F-4478-BDAE-6634EFC2CA88}.Ad-Hoc|x64.ActiveCfg = Release|Win32
		{C5F80730-F44F-4478-BDAE-6634EFC2CA88}.Ad-Hoc|x64.Build.0 = Release|Win32
		{C5F80730-F44F-4478-BDAE-6634EFC2CA88}.Ad-Hoc|x86.ActiveCfg = Release|Win32
		{C5F80730-F44F-4478-BDAE-6634EFC2CA88}.Ad-Hoc|x86.Build.0 = Release|Win32
		{C5F80730-F44F-4478-BDAE-6634EFC2CA88}.AppStore|Any CPU.ActiveCfg = Release|Win32
		{C5F80730-F44F-4478-BDAE-6634EFC2CA88}.AppStore|Any CPU.Build.0 = Release|Win32
		{C5F80730-F44F-4478-BDAE-6634EFC2CA88}.AppStore|ARM.ActiveCfg = Release|Win32
		{C5F80730-F44F-4478-BDAE-6634EFC2CA88}.AppStore|ARM.Build.0 = Release|Win32
		{C5F80730-F44F-4478-BDAE-6634EFC2CA88}.AppStore|iPhone.ActiveCfg = Release|Win32
		{C5F80730-F44F-4478-BDAE-6634EFC2CA88}.AppStore|iPhone.Build.0 = Release|Win32
		{C5F80730-F44F-4478-BDAE-6634EFC2CA88}.AppStore|iPhoneSimulator.ActiveCfg = Release|Win32
		{C5F80730-F44F-4478-BDAE-6634EFC2CA88}.AppStore|iPhoneSimulator.Build.0 = Release|Win32
		{C5F80730-F44F-4478-BDAE-6634EFC2CA88}.AppStore|x64.ActiveCfg = Release|Win32
		{C5F80730-F44F-4478-BDAE-6634EFC2CA88}.AppStore|x64.Build.0 = Release|Win32
		{C5F80730-F44F-4478-BDAE-6634EFC2CA88}.AppStore|x86.ActiveCfg = Release|Win32
		{C5F80730-F44F-4478-BDAE-6634EFC2CA88}.AppStore|x86.Build.0 = Release|Win32
		{C5F80730-F44F-4478-BDAE-6634EFC2CA88}.Debug|Any CPU.ActiveCfg = Debug|Win32
		{C5F80730-F44F-4478-BDAE-6634EFC2CA88}.Debug|ARM.ActiveCfg = Debug|Win32
		{C5F80730-F44F-4478-BDAE-6634EFC2CA88}.Debug|iPhone.ActiveCfg = Debug|Win32
		{C5F80730-F44F-4478-BDAE-6634EFC2CA88}.Debug|iPhoneSimulator.ActiveCfg = Debug|Win32
		{C5F80730-F44F-4478-BDAE-6634EFC2CA88}.Debug|x64.ActiveCfg = Debug|Win32
		{C5F80730-F44F-4478-BDAE-6634EFC2CA88}.Debug|x86.ActiveCfg = Debug|Win32
		{C5F80730-F44F-4478-BDAE-6634EFC2CA88}.Debug|x86.Build.0 = Debug|Win32
		{C5F80730-F44F-4478-BDAE-6634EFC2CA88}.Release|Any CPU.ActiveCfg = Release|Win32
		{C5F80730-F44F-4478-BDAE-6634EFC2CA88}.Release|ARM.ActiveCfg = Release|Win32
		{C5F80730-F44F-4478-BDAE-6634EFC2CA88}.Release|iPhone.ActiveCfg = Release|Win32
		{C5F80730-F44F-4478-BDAE-6634EFC2CA88}.Release|iPhoneSimulator.ActiveCfg = Release|Win32
		{C5F80730-F44F-4478-BDAE-6634EFC2CA88}.Release|x64.ActiveCfg = Release|Win32
		{C5F80730-F44F-4478-BDAE-6634EFC2CA88}.Release|x86.ActiveCfg = Release|Win32
		{C5F80730-F44F-4478-BDAE-6634EFC2CA88}.Release|x86.Build.0 = Release|Win32
		{4F196B92-F2CE-45AD-8402-343B3DA45CE5}.Ad-Hoc|Any CPU.ActiveCfg = Release|Any CPU
		{4F196B92-F2CE-45AD-8402-343B3DA45CE5}.Ad-Hoc|Any CPU.Build.0 = Release|Any CPU
		{4F196B92-F2CE-45AD-8402-343B3DA45CE5}.Ad-Hoc|ARM.ActiveCfg = Release|Any CPU
		{4F196B92-F2CE-45AD-8402-343B3DA45CE5}.Ad-Hoc|ARM.Build.0 = Release|Any CPU
		{4F196B92-F2CE-45AD-8402-343B3DA45CE5}.Ad-Hoc|iPhone.ActiveCfg = Release|Any CPU
		{4F196B92-F2CE-45AD-8402-343B3DA45CE5}.Ad-Hoc|iPhone.Build.0 = Release|Any CPU
		{4F196B92-F2CE-45AD-8402-343B3DA45CE5}.Ad-Hoc|iPhoneSimulator.ActiveCfg = Release|Any CPU
		{4F196B92-F2CE-45AD-8402-343B3DA45CE5}.Ad-Hoc|iPhoneSimulator.Build.0 = Release|Any CPU
		{4F196B92-F2CE-45AD-8402-343B3DA45CE5}.Ad-Hoc|x64.ActiveCfg = Release|Any CPU
		{4F196B92-F2CE-45AD-8402-343B3DA45CE5}.Ad-Hoc|x64.Build.0 = Release|Any CPU
		{4F196B92-F2CE-45AD-8402-343B3DA45CE5}.Ad-Hoc|x86.ActiveCfg = Release|Any CPU
		{4F196B92-F2CE-45AD-8402-343B3DA45CE5}.Ad-Hoc|x86.Build.0 = Release|Any CPU
		{4F196B92-F2CE-45AD-8402-343B3DA45CE5}.AppStore|Any CPU.ActiveCfg = Release|Any CPU
		{4F196B92-F2CE-45AD-8402-343B3DA45CE5}.AppStore|Any CPU.Build.0 = Release|Any CPU
		{4F196B92-F2CE-45AD-8402-343B3DA45CE5}.AppStore|ARM.ActiveCfg = Release|Any CPU
		{4F196B92-F2CE-45AD-8402-343B3DA45CE5}.AppStore|ARM.Build.0 = Release|Any CPU
		{4F196B92-F2CE-45AD-8402-343B3DA45CE5}.AppStore|iPhone.ActiveCfg = Release|Any CPU
		{4F196B92-F2CE-45AD-8402-343B3DA45CE5}.AppStore|iPhone.Build.0 = Release|Any CPU
		{4F196B92-F2CE-45AD-8402-343B3DA45CE5}.AppStore|iPhoneSimulator.ActiveCfg = Release|Any CPU
		{4F196B92-F2CE-45AD-8402-343B3DA45CE5}.AppStore|iPhoneSimulator.Build.0 = Release|Any CPU
		{4F196B92-F2CE-45AD-8402-343B3DA45CE5}.AppStore|x64.ActiveCfg = Release|Any CPU
		{4F196B92-F2CE-45AD-8402-343B3DA45CE5}.AppStore|x64.Build.0 = Release|Any CPU
		{4F196B92-F2CE-45AD-8402-343B3DA45CE5}.AppStore|x86.ActiveCfg = Release|Any CPU
		{4F196B92-F2CE-45AD-8402-343B3DA45CE5}.AppStore|x86.Build.0 = Release|Any CPU
		{4F196B92-F2CE-45AD-8402-343B3DA45CE5}.Debug|Any CPU.ActiveCfg = Debug|Any CPU
		{4F196B92-F2CE-45AD-8402-343B3DA45CE5}.Debug|Any CPU.Build.0 = Debug|Any CPU
		{4F196B92-F2CE-45AD-8402-343B3DA45CE5}.Debug|ARM.ActiveCfg = Debug|Any CPU
		{4F196B92-F2CE-45AD-8402-343B3DA45CE5}.Debug|ARM.Build.0 = Debug|Any CPU
		{4F196B92-F2CE-45AD-8402-343B3DA45CE5}.Debug|iPhone.ActiveCfg = Debug|Any CPU
		{4F196B92-F2CE-45AD-8402-343B3DA45CE5}.Debug|iPhone.Build.0 = Debug|Any CPU
		{4F196B92-F2CE-45AD-8402-343B3DA45CE5}.Debug|iPhoneSimulator.ActiveCfg = Debug|Any CPU
		{4F196B92-F2CE-45AD-8402-343B3DA45CE5}.Debug|iPhoneSimulator.Build.0 = Debug|Any CPU
		{4F196B92-F2CE-45AD-8402-343B3DA45CE5}.Debug|x64.ActiveCfg = Debug|Any CPU
		{4F196B92-F2CE-45AD-8402-343B3DA45CE5}.Debug|x64.Build.0 = Debug|Any CPU
		{4F196B92-F2CE-45AD-8402-343B3DA45CE5}.Debug|x86.ActiveCfg = Debug|Any CPU
		{4F196B92-F2CE-45AD-8402-343B3DA45CE5}.Debug|x86.Build.0 = Debug|Any CPU
		{4F196B92-F2CE-45AD-8402-343B3DA45CE5}.Release|Any CPU.ActiveCfg = Release|Any CPU
		{4F196B92-F2CE-45AD-8402-343B3DA45CE5}.Release|Any CPU.Build.0 = Release|Any CPU
		{4F196B92-F2CE-45AD-8402-343B3DA45CE5}.Release|ARM.ActiveCfg = Release|Any CPU
		{4F196B92-F2CE-45AD-8402-343B3DA45CE5}.Release|ARM.Build.0 = Release|Any CPU
		{4F196B92-F2CE-45AD-8402-343B3DA45CE5}.Release|iPhone.ActiveCfg = Release|Any CPU
		{4F196B92-F2CE-45AD-8402-343B3DA45CE5}.Release|iPhone.Build.0 = Release|Any CPU
		{4F196B92-F2CE-45AD-8402-343B3DA45CE5}.Release|iPhoneSimulator.ActiveCfg = Release|Any CPU
		{4F196B92-F2CE-45AD-8402-343B3DA45CE5}.Release|iPhoneSimulator.Build.0 = Release|Any CPU
		{4F196B92-F2CE-45AD-8402-343B3DA45CE5}.Release|x64.ActiveCfg = Release|Any CPU
		{4F196B92-F2CE-45AD-8402-343B3DA45CE5}.Release|x64.Build.0 = Release|Any CPU
		{4F196B92-F2CE-45AD-8402-343B3DA45CE5}.Release|x86.ActiveCfg = Release|Any CPU
		{4F196B92-F2CE-45AD-8402-343B3DA45CE5}.Release|x86.Build.0 = Release|Any CPU
		{D15CC346-7284-498F-8345-BA4485C5D234}.Ad-Hoc|Any CPU.ActiveCfg = Release|Any CPU
		{D15CC346-7284-498F-8345-BA4485C5D234}.Ad-Hoc|Any CPU.Build.0 = Release|Any CPU
		{D15CC346-7284-498F-8345-BA4485C5D234}.Ad-Hoc|Any CPU.Deploy.0 = Release|Any CPU
		{D15CC346-7284-498F-8345-BA4485C5D234}.Ad-Hoc|ARM.ActiveCfg = Release|Any CPU
		{D15CC346-7284-498F-8345-BA4485C5D234}.Ad-Hoc|ARM.Build.0 = Release|Any CPU
		{D15CC346-7284-498F-8345-BA4485C5D234}.Ad-Hoc|ARM.Deploy.0 = Release|Any CPU
		{D15CC346-7284-498F-8345-BA4485C5D234}.Ad-Hoc|iPhone.ActiveCfg = Release|Any CPU
		{D15CC346-7284-498F-8345-BA4485C5D234}.Ad-Hoc|iPhone.Build.0 = Release|Any CPU
		{D15CC346-7284-498F-8345-BA4485C5D234}.Ad-Hoc|iPhone.Deploy.0 = Release|Any CPU
		{D15CC346-7284-498F-8345-BA4485C5D234}.Ad-Hoc|iPhoneSimulator.ActiveCfg = Release|Any CPU
		{D15CC346-7284-498F-8345-BA4485C5D234}.Ad-Hoc|iPhoneSimulator.Build.0 = Release|Any CPU
		{D15CC346-7284-498F-8345-BA4485C5D234}.Ad-Hoc|iPhoneSimulator.Deploy.0 = Release|Any CPU
		{D15CC346-7284-498F-8345-BA4485C5D234}.Ad-Hoc|x64.ActiveCfg = Release|Any CPU
		{D15CC346-7284-498F-8345-BA4485C5D234}.Ad-Hoc|x64.Build.0 = Release|Any CPU
		{D15CC346-7284-498F-8345-BA4485C5D234}.Ad-Hoc|x64.Deploy.0 = Release|Any CPU
		{D15CC346-7284-498F-8345-BA4485C5D234}.Ad-Hoc|x86.ActiveCfg = Release|Any CPU
		{D15CC346-7284-498F-8345-BA4485C5D234}.Ad-Hoc|x86.Build.0 = Release|Any CPU
		{D15CC346-7284-498F-8345-BA4485C5D234}.Ad-Hoc|x86.Deploy.0 = Release|Any CPU
		{D15CC346-7284-498F-8345-BA4485C5D234}.AppStore|Any CPU.ActiveCfg = Release|Any CPU
		{D15CC346-7284-498F-8345-BA4485C5D234}.AppStore|Any CPU.Build.0 = Release|Any CPU
		{D15CC346-7284-498F-8345-BA4485C5D234}.AppStore|Any CPU.Deploy.0 = Release|Any CPU
		{D15CC346-7284-498F-8345-BA4485C5D234}.AppStore|ARM.ActiveCfg = Release|Any CPU
		{D15CC346-7284-498F-8345-BA4485C5D234}.AppStore|ARM.Build.0 = Release|Any CPU
		{D15CC346-7284-498F-8345-BA4485C5D234}.AppStore|ARM.Deploy.0 = Release|Any CPU
		{D15CC346-7284-498F-8345-BA4485C5D234}.AppStore|iPhone.ActiveCfg = Release|Any CPU
		{D15CC346-7284-498F-8345-BA4485C5D234}.AppStore|iPhone.Build.0 = Release|Any CPU
		{D15CC346-7284-498F-8345-BA4485C5D234}.AppStore|iPhone.Deploy.0 = Release|Any CPU
		{D15CC346-7284-498F-8345-BA4485C5D234}.AppStore|iPhoneSimulator.ActiveCfg = Release|Any CPU
		{D15CC346-7284-498F-8345-BA4485C5D234}.AppStore|iPhoneSimulator.Build.0 = Release|Any CPU
		{D15CC346-7284-498F-8345-BA4485C5D234}.AppStore|iPhoneSimulator.Deploy.0 = Release|Any CPU
		{D15CC346-7284-498F-8345-BA4485C5D234}.AppStore|x64.ActiveCfg = Release|Any CPU
		{D15CC346-7284-498F-8345-BA4485C5D234}.AppStore|x64.Build.0 = Release|Any CPU
		{D15CC346-7284-498F-8345-BA4485C5D234}.AppStore|x64.Deploy.0 = Release|Any CPU
		{D15CC346-7284-498F-8345-BA4485C5D234}.AppStore|x86.ActiveCfg = Release|Any CPU
		{D15CC346-7284-498F-8345-BA4485C5D234}.AppStore|x86.Build.0 = Release|Any CPU
		{D15CC346-7284-498F-8345-BA4485C5D234}.AppStore|x86.Deploy.0 = Release|Any CPU
		{D15CC346-7284-498F-8345-BA4485C5D234}.Debug|Any CPU.ActiveCfg = Debug|Any CPU
		{D15CC346-7284-498F-8345-BA4485C5D234}.Debug|Any CPU.Build.0 = Debug|Any CPU
		{D15CC346-7284-498F-8345-BA4485C5D234}.Debug|Any CPU.Deploy.0 = Debug|Any CPU
		{D15CC346-7284-498F-8345-BA4485C5D234}.Debug|ARM.ActiveCfg = Debug|Any CPU
		{D15CC346-7284-498F-8345-BA4485C5D234}.Debug|ARM.Build.0 = Debug|Any CPU
		{D15CC346-7284-498F-8345-BA4485C5D234}.Debug|ARM.Deploy.0 = Debug|Any CPU
		{D15CC346-7284-498F-8345-BA4485C5D234}.Debug|iPhone.ActiveCfg = Debug|Any CPU
		{D15CC346-7284-498F-8345-BA4485C5D234}.Debug|iPhone.Build.0 = Debug|Any CPU
		{D15CC346-7284-498F-8345-BA4485C5D234}.Debug|iPhone.Deploy.0 = Debug|Any CPU
		{D15CC346-7284-498F-8345-BA4485C5D234}.Debug|iPhoneSimulator.ActiveCfg = Debug|Any CPU
		{D15CC346-7284-498F-8345-BA4485C5D234}.Debug|iPhoneSimulator.Build.0 = Debug|Any CPU
		{D15CC346-7284-498F-8345-BA4485C5D234}.Debug|iPhoneSimulator.Deploy.0 = Debug|Any CPU
		{D15CC346-7284-498F-8345-BA4485C5D234}.Debug|x64.ActiveCfg = Debug|Any CPU
		{D15CC346-7284-498F-8345-BA4485C5D234}.Debug|x64.Build.0 = Debug|Any CPU
		{D15CC346-7284-498F-8345-BA4485C5D234}.Debug|x64.Deploy.0 = Debug|Any CPU
		{D15CC346-7284-498F-8345-BA4485C5D234}.Debug|x86.ActiveCfg = Debug|Any CPU
		{D15CC346-7284-498F-8345-BA4485C5D234}.Debug|x86.Build.0 = Debug|Any CPU
		{D15CC346-7284-498F-8345-BA4485C5D234}.Debug|x86.Deploy.0 = Debug|Any CPU
		{D15CC346-7284-498F-8345-BA4485C5D234}.Release|Any CPU.ActiveCfg = Release|Any CPU
		{D15CC346-7284-498F-8345-BA4485C5D234}.Release|Any CPU.Build.0 = Release|Any CPU
		{D15CC346-7284-498F-8345-BA4485C5D234}.Release|Any CPU.Deploy.0 = Release|Any CPU
		{D15CC346-7284-498F-8345-BA4485C5D234}.Release|ARM.ActiveCfg = Release|Any CPU
		{D15CC346-7284-498F-8345-BA4485C5D234}.Release|ARM.Build.0 = Release|Any CPU
		{D15CC346-7284-498F-8345-BA4485C5D234}.Release|ARM.Deploy.0 = Release|Any CPU
		{D15CC346-7284-498F-8345-BA4485C5D234}.Release|iPhone.ActiveCfg = Release|Any CPU
		{D15CC346-7284-498F-8345-BA4485C5D234}.Release|iPhone.Build.0 = Release|Any CPU
		{D15CC346-7284-498F-8345-BA4485C5D234}.Release|iPhone.Deploy.0 = Release|Any CPU
		{D15CC346-7284-498F-8345-BA4485C5D234}.Release|iPhoneSimulator.ActiveCfg = Release|Any CPU
		{D15CC346-7284-498F-8345-BA4485C5D234}.Release|iPhoneSimulator.Build.0 = Release|Any CPU
		{D15CC346-7284-498F-8345-BA4485C5D234}.Release|iPhoneSimulator.Deploy.0 = Release|Any CPU
		{D15CC346-7284-498F-8345-BA4485C5D234}.Release|x64.ActiveCfg = Release|Any CPU
		{D15CC346-7284-498F-8345-BA4485C5D234}.Release|x64.Build.0 = Release|Any CPU
		{D15CC346-7284-498F-8345-BA4485C5D234}.Release|x64.Deploy.0 = Release|Any CPU
		{D15CC346-7284-498F-8345-BA4485C5D234}.Release|x86.ActiveCfg = Release|Any CPU
		{D15CC346-7284-498F-8345-BA4485C5D234}.Release|x86.Build.0 = Release|Any CPU
		{D15CC346-7284-498F-8345-BA4485C5D234}.Release|x86.Deploy.0 = Release|Any CPU
		{4B46AF13-74E7-4D23-9751-AA80AFA0DDB0}.Ad-Hoc|Any CPU.ActiveCfg = Ad-Hoc|iPhone
		{4B46AF13-74E7-4D23-9751-AA80AFA0DDB0}.Ad-Hoc|ARM.ActiveCfg = Ad-Hoc|iPhone
		{4B46AF13-74E7-4D23-9751-AA80AFA0DDB0}.Ad-Hoc|iPhone.ActiveCfg = Ad-Hoc|iPhone
		{4B46AF13-74E7-4D23-9751-AA80AFA0DDB0}.Ad-Hoc|iPhone.Build.0 = Ad-Hoc|iPhone
		{4B46AF13-74E7-4D23-9751-AA80AFA0DDB0}.Ad-Hoc|iPhoneSimulator.ActiveCfg = Ad-Hoc|iPhoneSimulator
		{4B46AF13-74E7-4D23-9751-AA80AFA0DDB0}.Ad-Hoc|iPhoneSimulator.Build.0 = Ad-Hoc|iPhoneSimulator
		{4B46AF13-74E7-4D23-9751-AA80AFA0DDB0}.Ad-Hoc|x64.ActiveCfg = Ad-Hoc|iPhone
		{4B46AF13-74E7-4D23-9751-AA80AFA0DDB0}.Ad-Hoc|x86.ActiveCfg = Ad-Hoc|iPhone
		{4B46AF13-74E7-4D23-9751-AA80AFA0DDB0}.AppStore|Any CPU.ActiveCfg = AppStore|iPhone
		{4B46AF13-74E7-4D23-9751-AA80AFA0DDB0}.AppStore|ARM.ActiveCfg = AppStore|iPhone
		{4B46AF13-74E7-4D23-9751-AA80AFA0DDB0}.AppStore|iPhone.ActiveCfg = AppStore|iPhone
		{4B46AF13-74E7-4D23-9751-AA80AFA0DDB0}.AppStore|iPhone.Build.0 = AppStore|iPhone
		{4B46AF13-74E7-4D23-9751-AA80AFA0DDB0}.AppStore|iPhoneSimulator.ActiveCfg = AppStore|iPhoneSimulator
		{4B46AF13-74E7-4D23-9751-AA80AFA0DDB0}.AppStore|iPhoneSimulator.Build.0 = AppStore|iPhoneSimulator
		{4B46AF13-74E7-4D23-9751-AA80AFA0DDB0}.AppStore|x64.ActiveCfg = AppStore|iPhone
		{4B46AF13-74E7-4D23-9751-AA80AFA0DDB0}.AppStore|x86.ActiveCfg = AppStore|iPhone
		{4B46AF13-74E7-4D23-9751-AA80AFA0DDB0}.Debug|Any CPU.ActiveCfg = Debug|iPhone
		{4B46AF13-74E7-4D23-9751-AA80AFA0DDB0}.Debug|ARM.ActiveCfg = Debug|iPhone
		{4B46AF13-74E7-4D23-9751-AA80AFA0DDB0}.Debug|iPhone.ActiveCfg = Debug|iPhone
		{4B46AF13-74E7-4D23-9751-AA80AFA0DDB0}.Debug|iPhone.Build.0 = Debug|iPhone
		{4B46AF13-74E7-4D23-9751-AA80AFA0DDB0}.Debug|iPhoneSimulator.ActiveCfg = Debug|iPhoneSimulator
		{4B46AF13-74E7-4D23-9751-AA80AFA0DDB0}.Debug|iPhoneSimulator.Build.0 = Debug|iPhoneSimulator
		{4B46AF13-74E7-4D23-9751-AA80AFA0DDB0}.Debug|x64.ActiveCfg = Debug|iPhone
		{4B46AF13-74E7-4D23-9751-AA80AFA0DDB0}.Debug|x86.ActiveCfg = Debug|iPhone
		{4B46AF13-74E7-4D23-9751-AA80AFA0DDB0}.Release|Any CPU.ActiveCfg = Release|iPhone
		{4B46AF13-74E7-4D23-9751-AA80AFA0DDB0}.Release|ARM.ActiveCfg = Release|iPhone
		{4B46AF13-74E7-4D23-9751-AA80AFA0DDB0}.Release|iPhone.ActiveCfg = Release|iPhone
		{4B46AF13-74E7-4D23-9751-AA80AFA0DDB0}.Release|iPhone.Build.0 = Release|iPhone
		{4B46AF13-74E7-4D23-9751-AA80AFA0DDB0}.Release|iPhoneSimulator.ActiveCfg = Release|iPhoneSimulator
		{4B46AF13-74E7-4D23-9751-AA80AFA0DDB0}.Release|iPhoneSimulator.Build.0 = Release|iPhoneSimulator
		{4B46AF13-74E7-4D23-9751-AA80AFA0DDB0}.Release|x64.ActiveCfg = Release|iPhone
		{4B46AF13-74E7-4D23-9751-AA80AFA0DDB0}.Release|x86.ActiveCfg = Release|iPhone
		{29828BB9-A7BD-4E6F-B8E5-F9590FB451A4}.Ad-Hoc|Any CPU.ActiveCfg = Release|Any CPU
		{29828BB9-A7BD-4E6F-B8E5-F9590FB451A4}.Ad-Hoc|Any CPU.Build.0 = Release|Any CPU
		{29828BB9-A7BD-4E6F-B8E5-F9590FB451A4}.Ad-Hoc|ARM.ActiveCfg = Release|ARM
		{29828BB9-A7BD-4E6F-B8E5-F9590FB451A4}.Ad-Hoc|ARM.Build.0 = Release|ARM
		{29828BB9-A7BD-4E6F-B8E5-F9590FB451A4}.Ad-Hoc|iPhone.ActiveCfg = Release|Any CPU
		{29828BB9-A7BD-4E6F-B8E5-F9590FB451A4}.Ad-Hoc|iPhone.Build.0 = Release|Any CPU
		{29828BB9-A7BD-4E6F-B8E5-F9590FB451A4}.Ad-Hoc|iPhoneSimulator.ActiveCfg = Release|Any CPU
		{29828BB9-A7BD-4E6F-B8E5-F9590FB451A4}.Ad-Hoc|iPhoneSimulator.Build.0 = Release|Any CPU
		{29828BB9-A7BD-4E6F-B8E5-F9590FB451A4}.Ad-Hoc|x64.ActiveCfg = Release|x64
		{29828BB9-A7BD-4E6F-B8E5-F9590FB451A4}.Ad-Hoc|x64.Build.0 = Release|x64
		{29828BB9-A7BD-4E6F-B8E5-F9590FB451A4}.Ad-Hoc|x86.ActiveCfg = Release|x86
		{29828BB9-A7BD-4E6F-B8E5-F9590FB451A4}.Ad-Hoc|x86.Build.0 = Release|x86
		{29828BB9-A7BD-4E6F-B8E5-F9590FB451A4}.AppStore|Any CPU.ActiveCfg = Release|Any CPU
		{29828BB9-A7BD-4E6F-B8E5-F9590FB451A4}.AppStore|Any CPU.Build.0 = Release|Any CPU
		{29828BB9-A7BD-4E6F-B8E5-F9590FB451A4}.AppStore|ARM.ActiveCfg = Release|ARM
		{29828BB9-A7BD-4E6F-B8E5-F9590FB451A4}.AppStore|ARM.Build.0 = Release|ARM
		{29828BB9-A7BD-4E6F-B8E5-F9590FB451A4}.AppStore|iPhone.ActiveCfg = Release|Any CPU
		{29828BB9-A7BD-4E6F-B8E5-F9590FB451A4}.AppStore|iPhone.Build.0 = Release|Any CPU
		{29828BB9-A7BD-4E6F-B8E5-F9590FB451A4}.AppStore|iPhoneSimulator.ActiveCfg = Release|Any CPU
		{29828BB9-A7BD-4E6F-B8E5-F9590FB451A4}.AppStore|iPhoneSimulator.Build.0 = Release|Any CPU
		{29828BB9-A7BD-4E6F-B8E5-F9590FB451A4}.AppStore|x64.ActiveCfg = Release|x64
		{29828BB9-A7BD-4E6F-B8E5-F9590FB451A4}.AppStore|x64.Build.0 = Release|x64
		{29828BB9-A7BD-4E6F-B8E5-F9590FB451A4}.AppStore|x86.ActiveCfg = Release|x86
		{29828BB9-A7BD-4E6F-B8E5-F9590FB451A4}.AppStore|x86.Build.0 = Release|x86
		{29828BB9-A7BD-4E6F-B8E5-F9590FB451A4}.Debug|Any CPU.ActiveCfg = Debug|Any CPU
		{29828BB9-A7BD-4E6F-B8E5-F9590FB451A4}.Debug|Any CPU.Build.0 = Debug|Any CPU
		{29828BB9-A7BD-4E6F-B8E5-F9590FB451A4}.Debug|ARM.ActiveCfg = Debug|ARM
		{29828BB9-A7BD-4E6F-B8E5-F9590FB451A4}.Debug|ARM.Build.0 = Debug|ARM
		{29828BB9-A7BD-4E6F-B8E5-F9590FB451A4}.Debug|iPhone.ActiveCfg = Debug|Any CPU
		{29828BB9-A7BD-4E6F-B8E5-F9590FB451A4}.Debug|iPhone.Build.0 = Debug|Any CPU
		{29828BB9-A7BD-4E6F-B8E5-F9590FB451A4}.Debug|iPhoneSimulator.ActiveCfg = Debug|Any CPU
		{29828BB9-A7BD-4E6F-B8E5-F9590FB451A4}.Debug|iPhoneSimulator.Build.0 = Debug|Any CPU
		{29828BB9-A7BD-4E6F-B8E5-F9590FB451A4}.Debug|x64.ActiveCfg = Debug|x64
		{29828BB9-A7BD-4E6F-B8E5-F9590FB451A4}.Debug|x64.Build.0 = Debug|x64
		{29828BB9-A7BD-4E6F-B8E5-F9590FB451A4}.Debug|x86.ActiveCfg = Debug|x86
		{29828BB9-A7BD-4E6F-B8E5-F9590FB451A4}.Debug|x86.Build.0 = Debug|x86
		{29828BB9-A7BD-4E6F-B8E5-F9590FB451A4}.Release|Any CPU.ActiveCfg = Release|Any CPU
		{29828BB9-A7BD-4E6F-B8E5-F9590FB451A4}.Release|Any CPU.Build.0 = Release|Any CPU
		{29828BB9-A7BD-4E6F-B8E5-F9590FB451A4}.Release|ARM.ActiveCfg = Release|ARM
		{29828BB9-A7BD-4E6F-B8E5-F9590FB451A4}.Release|ARM.Build.0 = Release|ARM
		{29828BB9-A7BD-4E6F-B8E5-F9590FB451A4}.Release|iPhone.ActiveCfg = Release|Any CPU
		{29828BB9-A7BD-4E6F-B8E5-F9590FB451A4}.Release|iPhone.Build.0 = Release|Any CPU
		{29828BB9-A7BD-4E6F-B8E5-F9590FB451A4}.Release|iPhoneSimulator.ActiveCfg = Release|Any CPU
		{29828BB9-A7BD-4E6F-B8E5-F9590FB451A4}.Release|iPhoneSimulator.Build.0 = Release|Any CPU
		{29828BB9-A7BD-4E6F-B8E5-F9590FB451A4}.Release|x64.ActiveCfg = Release|x64
		{29828BB9-A7BD-4E6F-B8E5-F9590FB451A4}.Release|x64.Build.0 = Release|x64
		{29828BB9-A7BD-4E6F-B8E5-F9590FB451A4}.Release|x86.ActiveCfg = Release|x86
		{29828BB9-A7BD-4E6F-B8E5-F9590FB451A4}.Release|x86.Build.0 = Release|x86
	EndGlobalSection
	GlobalSection(SolutionProperties) = preSolution
		HideSolutionNode = FALSE
	EndGlobalSection
EndGlobal
